
Microsoft Visual Studio Solution File, Format Version 12.00
# Visual Studio Version 16
VisualStudioVersion = 16.0.31313.79
MinimumVisualStudioVersion = 10.0.40219.1
Project("{FAE04EC0-301F-11D3-BF4B-00C04F79EFBC}") = "Encryption-Library", "Encryption-Library\Encryption-Library.csproj", "{4E3ED862-43CB-49F0-BEB1-348CB9668E24}"
EndProject
Global
	GlobalSection(SolutionConfigurationPlatforms) = preSolution
		Debug|Any CPU = Debug|Any CPU
		Release|Any CPU = Release|Any CPU
	EndGlobalSection
	GlobalSection(ProjectConfigurationPlatforms) = postSolution
		{4E3ED862-43CB-49F0-BEB1-348CB9668E24}.Debug|Any CPU.ActiveCfg = Debug|Any CPU
		{4E3ED862-43CB-49F0-BEB1-348CB9668E24}.Debug|Any CPU.Build.0 = Debug|Any CPU
		{4E3ED862-43CB-49F0-BEB1-348CB9668E24}.Release|Any CPU.ActiveCfg = Release|Any CPU
		{4E3ED862-43CB-49F0-BEB1-348CB9668E24}.Release|Any CPU.Build.0 = Release|Any CPU
	EndGlobalSection
	GlobalSection(SolutionProperties) = preSolution
		HideSolutionNode = FALSE
	EndGlobalSection
	GlobalSection(ExtensibilityGlobals) = postSolution
		SolutionGuid = {F66D09AF-C02B-4D01-9669-BEDE501810E7}
	EndGlobalSection
EndGlobal
